
Microsoft Visual Studio Solution File, Format Version 12.00
# Visual Studio Version 17
VisualStudioVersion = 17.8.34330.188
MinimumVisualStudioVersion = 10.0.40219.1
Project("{9A19103F-16F7-4668-BE54-9A1E7A4F7556}") = "BNet.ASP.MVC.Pagination", "BNet.ASP.MVC.Pagination\BNet.ASP.MVC.Pagination.csproj", "{96FFB971-8CCC-46ED-84F9-E42B2B325E15}"
EndProject
Project("{9A19103F-16F7-4668-BE54-9A1E7A4F7556}") = "BNet.ASP.MVC.Pagination.Sample", "BNet.ASP.MVC.Pagination.Sample\BNet.ASP.MVC.Pagination.Sample.csproj", "{9BE059DB-1B3E-464F-9B22-4A16A13F54DD}"
EndProject
Project("{9A19103F-16F7-4668-BE54-9A1E7A4F7556}") = "BNet.WebSocket.Server", "BNet.WebSocket.Server\BNet.WebSocket.Server.csproj", "{4B55A5C3-968C-4846-B3C2-E7EE10589893}"
EndProject
Project("{FAE04EC0-301F-11D3-BF4B-00C04F79EFBC}") = "BNet.WebSocket.Server.Sample", "BNet.WebSocket.Server.Sample\BNet.WebSocket.Server.Sample.csproj", "{51AE7DE2-F942-4B08-AD16-F0E7B33DB4DA}"
EndProject
Global
	GlobalSection(SolutionConfigurationPlatforms) = preSolution
		Debug|Any CPU = Debug|Any CPU
		Release|Any CPU = Release|Any CPU
	EndGlobalSection
	GlobalSection(ProjectConfigurationPlatforms) = postSolution
		{96FFB971-8CCC-46ED-84F9-E42B2B325E15}.Debug|Any CPU.ActiveCfg = Debug|Any CPU
		{96FFB971-8CCC-46ED-84F9-E42B2B325E15}.Debug|Any CPU.Build.0 = Debug|Any CPU
		{96FFB971-8CCC-46ED-84F9-E42B2B325E15}.Release|Any CPU.ActiveCfg = Release|Any CPU
		{96FFB971-8CCC-46ED-84F9-E42B2B325E15}.Release|Any CPU.Build.0 = Release|Any CPU
		{9BE059DB-1B3E-464F-9B22-4A16A13F54DD}.Debug|Any CPU.ActiveCfg = Debug|Any CPU
		{9BE059DB-1B3E-464F-9B22-4A16A13F54DD}.Debug|Any CPU.Build.0 = Debug|Any CPU
		{9BE059DB-1B3E-464F-9B22-4A16A13F54DD}.Release|Any CPU.ActiveCfg = Release|Any CPU
		{9BE059DB-1B3E-464F-9B22-4A16A13F54DD}.Release|Any CPU.Build.0 = Release|Any CPU
		{4B55A5C3-968C-4846-B3C2-E7EE10589893}.Debug|Any CPU.ActiveCfg = Debug|Any CPU
		{4B55A5C3-968C-4846-B3C2-E7EE10589893}.Debug|Any CPU.Build.0 = Debug|Any CPU
		{4B55A5C3-968C-4846-B3C2-E7EE10589893}.Release|Any CPU.ActiveCfg = Release|Any CPU
		{4B55A5C3-968C-4846-B3C2-E7EE10589893}.Release|Any CPU.Build.0 = Release|Any CPU
		{51AE7DE2-F942-4B08-AD16-F0E7B33DB4DA}.Debug|Any CPU.ActiveCfg = Debug|Any CPU
		{51AE7DE2-F942-4B08-AD16-F0E7B33DB4DA}.Debug|Any CPU.Build.0 = Debug|Any CPU
		{51AE7DE2-F942-4B08-AD16-F0E7B33DB4DA}.Release|Any CPU.ActiveCfg = Release|Any CPU
		{51AE7DE2-F942-4B08-AD16-F0E7B33DB4DA}.Release|Any CPU.Build.0 = Release|Any CPU
	EndGlobalSection
	GlobalSection(SolutionProperties) = preSolution
		HideSolutionNode = FALSE
	EndGlobalSection
	GlobalSection(ExtensibilityGlobals) = postSolution
		SolutionGuid = {56FCF6B8-041A-42D1-A269-DB6BDF46C2D6}
	EndGlobalSection
EndGlobal
